
Microsoft Visual Studio Solution File, Format Version 12.00
# Visual Studio Version 16
VisualStudioVersion = 16.0.29009.5
MinimumVisualStudioVersion = 10.0.40219.1
Project("{FAE04EC0-301F-11D3-BF4B-00C04F79EFBC}") = "WPF_TabControl", "WPF_TabControl\WPF_TabControl.csproj", "{84C444CD-F4CB-4225-83D7-6D14F1A5320A}"
EndProject
Global
	GlobalSection(SolutionConfigurationPlatforms) = preSolution
		Debug|Any CPU = Debug|Any CPU
		Release|Any CPU = Release|Any CPU
	EndGlobalSection
	GlobalSection(ProjectConfigurationPlatforms) = postSolution
		{84C444CD-F4CB-4225-83D7-6D14F1A5320A}.Debug|Any CPU.ActiveCfg = Debug|Any CPU
		{84C444CD-F4CB-4225-83D7-6D14F1A5320A}.Debug|Any CPU.Build.0 = Debug|Any CPU
		{84C444CD-F4CB-4225-83D7-6D14F1A5320A}.Release|Any CPU.ActiveCfg = Release|Any CPU
		{84C444CD-F4CB-4225-83D7-6D14F1A5320A}.Release|Any CPU.Build.0 = Release|Any CPU
	EndGlobalSection
	GlobalSection(SolutionProperties) = preSolution
		HideSolutionNode = FALSE
	EndGlobalSection
	GlobalSection(ExtensibilityGlobals) = postSolution
		SolutionGuid = {56E7069E-F95C-49DF-A8E4-335489674E24}
	EndGlobalSection
EndGlobal
